
Microsoft Visual Studio Solution File, Format Version 12.00
# Visual Studio Version 17
VisualStudioVersion = 17.5.33516.290
MinimumVisualStudioVersion = 10.0.40219.1
Project("{FAE04EC0-301F-11D3-BF4B-00C04F79EFBC}") = "Agent Forms", "Agent Forms\Agent Forms.csproj", "{BF1BCCAA-7478-41F5-8FE2-4149C84B0817}"
EndProject
Global
	GlobalSection(SolutionConfigurationPlatforms) = preSolution
		Debug|Any CPU = Debug|Any CPU
		Release|Any CPU = Release|Any CPU
	EndGlobalSection
	GlobalSection(ProjectConfigurationPlatforms) = postSolution
		{BF1BCCAA-7478-41F5-8FE2-4149C84B0817}.Debug|Any CPU.ActiveCfg = Debug|Any CPU
		{BF1BCCAA-7478-41F5-8FE2-4149C84B0817}.Debug|Any CPU.Build.0 = Debug|Any CPU
		{BF1BCCAA-7478-41F5-8FE2-4149C84B0817}.Release|Any CPU.ActiveCfg = Release|Any CPU
		{BF1BCCAA-7478-41F5-8FE2-4149C84B0817}.Release|Any CPU.Build.0 = Release|Any CPU
	EndGlobalSection
	GlobalSection(SolutionProperties) = preSolution
		HideSolutionNode = FALSE
	EndGlobalSection
	GlobalSection(ExtensibilityGlobals) = postSolution
		SolutionGuid = {AF5DD3F1-9D82-4DF6-9E14-0F20F58D7068}
	EndGlobalSection
EndGlobal
