
Microsoft Visual Studio Solution File, Format Version 12.00
# Visual Studio Version 17
VisualStudioVersion = 17.5.33516.290
MinimumVisualStudioVersion = 10.0.40219.1
Project("{FAE04EC0-301F-11D3-BF4B-00C04F79EFBC}") = "Agent", "Agent\Agent.csproj", "{DDD9B673-612B-476F-99BE-2CB05B471E15}"
EndProject
Global
	GlobalSection(SolutionConfigurationPlatforms) = preSolution
		Debug|Any CPU = Debug|Any CPU
		Release|Any CPU = Release|Any CPU
	EndGlobalSection
	GlobalSection(ProjectConfigurationPlatforms) = postSolution
		{DDD9B673-612B-476F-99BE-2CB05B471E15}.Debug|Any CPU.ActiveCfg = Debug|Any CPU
		{DDD9B673-612B-476F-99BE-2CB05B471E15}.Debug|Any CPU.Build.0 = Debug|Any CPU
		{DDD9B673-612B-476F-99BE-2CB05B471E15}.Release|Any CPU.ActiveCfg = Release|Any CPU
		{DDD9B673-612B-476F-99BE-2CB05B471E15}.Release|Any CPU.Build.0 = Release|Any CPU
	EndGlobalSection
	GlobalSection(SolutionProperties) = preSolution
		HideSolutionNode = FALSE
	EndGlobalSection
	GlobalSection(ExtensibilityGlobals) = postSolution
		SolutionGuid = {12ED0EE9-A4B3-4F97-BF4B-5BD69AFAD7C9}
	EndGlobalSection
EndGlobal
